
Microsoft Visual Studio Solution File, Format Version 12.00
# Visual Studio Version 16
VisualStudioVersion = 16.0.31624.102
MinimumVisualStudioVersion = 10.0.40219.1
Project("{FAE04EC0-301F-11D3-BF4B-00C04F79EFBC}") = "Skills", "Skills\Skills.csproj", "{85ABD619-703B-4FF9-9CA6-60BA11C6A11D}"
EndProject
Global
	GlobalSection(SolutionConfigurationPlatforms) = preSolution
		Debug|Any CPU = Debug|Any CPU
		Release|Any CPU = Release|Any CPU
	EndGlobalSection
	GlobalSection(ProjectConfigurationPlatforms) = postSolution
		{85ABD619-703B-4FF9-9CA6-60BA11C6A11D}.Debug|Any CPU.ActiveCfg = Debug|Any CPU
		{85ABD619-703B-4FF9-9CA6-60BA11C6A11D}.Debug|Any CPU.Build.0 = Debug|Any CPU
		{85ABD619-703B-4FF9-9CA6-60BA11C6A11D}.Release|Any CPU.ActiveCfg = Release|Any CPU
		{85ABD619-703B-4FF9-9CA6-60BA11C6A11D}.Release|Any CPU.Build.0 = Release|Any CPU
	EndGlobalSection
	GlobalSection(SolutionProperties) = preSolution
		HideSolutionNode = FALSE
	EndGlobalSection
	GlobalSection(ExtensibilityGlobals) = postSolution
		SolutionGuid = {2F1D9164-72A7-4416-9FEB-EB811A3D1D13}
	EndGlobalSection
EndGlobal
